
Microsoft Visual Studio Solution File, Format Version 12.00
# Visual Studio Version 17
VisualStudioVersion = 17.1.32228.430
MinimumVisualStudioVersion = 10.0.40219.1
Project("{FAE04EC0-301F-11D3-BF4B-00C04F79EFBC}") = "ODataProject-CustomersData", "ODataProject-CustomersData.csproj", "{95BF350F-EF87-4796-9CD0-F6A2B3B1F3DF}"
EndProject
Global
	GlobalSection(SolutionConfigurationPlatforms) = preSolution
		Debug|Any CPU = Debug|Any CPU
		Release|Any CPU = Release|Any CPU
	EndGlobalSection
	GlobalSection(ProjectConfigurationPlatforms) = postSolution
		{95BF350F-EF87-4796-9CD0-F6A2B3B1F3DF}.Debug|Any CPU.ActiveCfg = Debug|Any CPU
		{95BF350F-EF87-4796-9CD0-F6A2B3B1F3DF}.Debug|Any CPU.Build.0 = Debug|Any CPU
		{95BF350F-EF87-4796-9CD0-F6A2B3B1F3DF}.Release|Any CPU.ActiveCfg = Release|Any CPU
		{95BF350F-EF87-4796-9CD0-F6A2B3B1F3DF}.Release|Any CPU.Build.0 = Release|Any CPU
	EndGlobalSection
	GlobalSection(SolutionProperties) = preSolution
		HideSolutionNode = FALSE
	EndGlobalSection
	GlobalSection(ExtensibilityGlobals) = postSolution
		SolutionGuid = {E6DC9C2F-2AFD-4CEA-B4F2-90E2EB6ECBDD}
	EndGlobalSection
EndGlobal
